
Microsoft Visual Studio Solution File, Format Version 12.00
# Visual Studio Version 17
VisualStudioVersion = 17.2.32630.192
MinimumVisualStudioVersion = 10.0.40219.1
Project("{FAE04EC0-301F-11D3-BF4B-00C04F79EFBC}") = "Ass_Pain", "Ass_Pain.csproj", "{44E81BE3-AE9F-4215-B33F-D17EA3507138}"
	ProjectSection(ProjectDependencies) = postProject
		{A2EDE33D-4A77-4F05-A761-FF32462D0C13} = {A2EDE33D-4A77-4F05-A761-FF32462D0C13}
	EndProjectSection
EndProject
Project("{9A19103F-16F7-4668-BE54-9A1E7A4F7556}") = "SmartExceptions", "SmartExceptions\SmartExceptions.csproj", "{16DD2390-DB1D-4F07-92DF-026EDD903EB5}"
EndProject
Project("{FAE04EC0-301F-11D3-BF4B-00C04F79EFBC}") = "FFmpeg", "FFmpeg\FFmpeg.csproj", "{A2EDE33D-4A77-4F05-A761-FF32462D0C13}"
EndProject
Project("{FAE04EC0-301F-11D3-BF4B-00C04F79EFBC}") = "Chromaprint", "Chromaprint\Chromaprint.csproj", "{FA8D9FC8-AC13-41DC-BFAA-F7674D350601}"
EndProject
Global
	GlobalSection(SolutionConfigurationPlatforms) = preSolution
		Debug|Any CPU = Debug|Any CPU
		Release|Any CPU = Release|Any CPU
	EndGlobalSection
	GlobalSection(ProjectConfigurationPlatforms) = postSolution
		{44E81BE3-AE9F-4215-B33F-D17EA3507138}.Debug|Any CPU.ActiveCfg = Debug|Any CPU
		{44E81BE3-AE9F-4215-B33F-D17EA3507138}.Debug|Any CPU.Build.0 = Debug|Any CPU
		{44E81BE3-AE9F-4215-B33F-D17EA3507138}.Debug|Any CPU.Deploy.0 = Debug|Any CPU
		{44E81BE3-AE9F-4215-B33F-D17EA3507138}.Release|Any CPU.ActiveCfg = Release|Any CPU
		{44E81BE3-AE9F-4215-B33F-D17EA3507138}.Release|Any CPU.Build.0 = Release|Any CPU
		{44E81BE3-AE9F-4215-B33F-D17EA3507138}.Release|Any CPU.Deploy.0 = Release|Any CPU
		{16DD2390-DB1D-4F07-92DF-026EDD903EB5}.Debug|Any CPU.ActiveCfg = Debug|Any CPU
		{16DD2390-DB1D-4F07-92DF-026EDD903EB5}.Release|Any CPU.ActiveCfg = Release|Any CPU
		{A2EDE33D-4A77-4F05-A761-FF32462D0C13}.Debug|Any CPU.ActiveCfg = Debug|Any CPU
		{A2EDE33D-4A77-4F05-A761-FF32462D0C13}.Debug|Any CPU.Build.0 = Debug|Any CPU
		{A2EDE33D-4A77-4F05-A761-FF32462D0C13}.Release|Any CPU.ActiveCfg = Release|Any CPU
		{A2EDE33D-4A77-4F05-A761-FF32462D0C13}.Release|Any CPU.Build.0 = Release|Any CPU
		{FA8D9FC8-AC13-41DC-BFAA-F7674D350601}.Debug|Any CPU.ActiveCfg = Debug|Any CPU
		{FA8D9FC8-AC13-41DC-BFAA-F7674D350601}.Debug|Any CPU.Build.0 = Debug|Any CPU
		{FA8D9FC8-AC13-41DC-BFAA-F7674D350601}.Release|Any CPU.ActiveCfg = Release|Any CPU
		{FA8D9FC8-AC13-41DC-BFAA-F7674D350601}.Release|Any CPU.Build.0 = Release|Any CPU
	EndGlobalSection
	GlobalSection(SolutionProperties) = preSolution
		HideSolutionNode = FALSE
	EndGlobalSection
	GlobalSection(ExtensibilityGlobals) = postSolution
		SolutionGuid = {28DD4A29-FB76-4ADD-B0A9-36A16365342B}
	EndGlobalSection
EndGlobal
